// !$*UTF8*$!
{
	archiveVersion = 1;
	classes = {
	};
	objectVersion = 50;
	objects = {

/* Begin PBXBuildFile section */
		46030F74249384A70002BDBB /* AppDelegate.swift in Sources */ = {isa = PBXBuildFile; fileRef = 46030F73249384A70002BDBB /* AppDelegate.swift */; };
		46030F76249384A70002BDBB /* SceneDelegate.swift in Sources */ = {isa = PBXBuildFile; fileRef = 46030F75249384A70002BDBB /* SceneDelegate.swift */; };
		46030F78249384A70002BDBB /* ParkMapViewController.swift in Sources */ = {isa = PBXBuildFile; fileRef = 46030F77249384A70002BDBB /* ParkMapViewController.swift */; };
		46030F7B249384A70002BDBB /* Main.storyboard in Resources */ = {isa = PBXBuildFile; fileRef = 46030F79249384A70002BDBB /* Main.storyboard */; };
		46030F7D249384A80002BDBB /* Assets.xcassets in Resources */ = {isa = PBXBuildFile; fileRef = 46030F7C249384A80002BDBB /* Assets.xcassets */; };
		46030F80249384A80002BDBB /* LaunchScreen.storyboard in Resources */ = {isa = PBXBuildFile; fileRef = 46030F7E249384A80002BDBB /* LaunchScreen.storyboard */; };
		46030F882493860B0002BDBB /* NetworkManager.swift in Sources */ = {isa = PBXBuildFile; fileRef = 46030F872493860B0002BDBB /* NetworkManager.swift */; };
		46030F8A2493869D0002BDBB /* ParkData.swift in Sources */ = {isa = PBXBuildFile; fileRef = 46030F892493869D0002BDBB /* ParkData.swift */; };
		46030F8C249393A80002BDBB /* PSError.swift in Sources */ = {isa = PBXBuildFile; fileRef = 46030F8B249393A80002BDBB /* PSError.swift */; };
		46030F8F2493A5DD0002BDBB /* Parks.swift in Sources */ = {isa = PBXBuildFile; fileRef = 46030F8E2493A5DD0002BDBB /* Parks.swift */; };
		466E5C312494D080004AC032 /* ParkDetailViewController.swift in Sources */ = {isa = PBXBuildFile; fileRef = 466E5C302494D080004AC032 /* ParkDetailViewController.swift */; };
		466E5C3924950043004AC032 /* ParkListViewController.swift in Sources */ = {isa = PBXBuildFile; fileRef = 466E5C3824950043004AC032 /* ParkListViewController.swift */; };
		466E5C3B24950934004AC032 /* DataLoadingVC.swift in Sources */ = {isa = PBXBuildFile; fileRef = 466E5C3A24950934004AC032 /* DataLoadingVC.swift */; };
		466E5C3E249768E1004AC032 /* UIViewController+Ext.swift in Sources */ = {isa = PBXBuildFile; fileRef = 466E5C3D249768E1004AC032 /* UIViewController+Ext.swift */; };
/* End PBXBuildFile section */

/* Begin PBXFileReference section */
		46030F70249384A70002BDBB /* Izmir Parking Spaces.app */ = {isa = PBXFileReference; explicitFileType = wrapper.application; includeInIndex = 0; path = "Izmir Parking Spaces.app"; sourceTree = BUILT_PRODUCTS_DIR; };
		46030F73249384A70002BDBB /* AppDelegate.swift */ = {isa = PBXFileReference; lastKnownFileType = sourcecode.swift; path = AppDelegate.swift; sourceTree = "<group>"; };
		46030F75249384A70002BDBB /* SceneDelegate.swift */ = {isa = PBXFileReference; lastKnownFileType = sourcecode.swift; path = SceneDelegate.swift; sourceTree = "<group>"; };
		46030F77249384A70002BDBB /* ParkMapViewController.swift */ = {isa = PBXFileReference; lastKnownFileType = sourcecode.swift; path = "Park\U0010MapViewController.swift"; sourceTree = "<group>"; };
		46030F7A249384A70002BDBB /* Base */ = {isa = PBXFileReference; lastKnownFileType = file.storyboard; name = Base; path = Base.lproj/Main.storyboard; sourceTree = "<group>"; };
		46030F7C249384A80002BDBB /* Assets.xcassets */ = {isa = PBXFileReference; lastKnownFileType = folder.assetcatalog; path = Assets.xcassets; sourceTree = "<group>"; };
		46030F7F249384A80002BDBB /* Base */ = {isa = PBXFileReference; lastKnownFileType = file.storyboard; name = Base; path = Base.lproj/LaunchScreen.storyboard; sourceTree = "<group>"; };
		46030F81249384A80002BDBB /* Info.plist */ = {isa = PBXFileReference; lastKnownFileType = text.plist.xml; path = Info.plist; sourceTree = "<group>"; };
		46030F872493860B0002BDBB /* NetworkManager.swift */ = {isa = PBXFileReference; lastKnownFileType = sourcecode.swift; path = NetworkManager.swift; sourceTree = "<group>"; };
		46030F892493869D0002BDBB /* ParkData.swift */ = {isa = PBXFileReference; lastKnownFileType = sourcecode.swift; path = ParkData.swift; sourceTree = "<group>"; };
		46030F8B249393A80002BDBB /* PSError.swift */ = {isa = PBXFileReference; lastKnownFileType = sourcecode.swift; path = PSError.swift; sourceTree = "<group>"; };
		46030F8E2493A5DD0002BDBB /* Parks.swift */ = {isa = PBXFileReference; lastKnownFileType = sourcecode.swift; path = Parks.swift; sourceTree = "<group>"; };
		466E5C302494D080004AC032 /* ParkDetailViewController.swift */ = {isa = PBXFileReference; lastKnownFileType = sourcecode.swift; path = ParkDetailViewController.swift; sourceTree = "<group>"; };
		466E5C3824950043004AC032 /* ParkListViewController.swift */ = {isa = PBXFileReference; lastKnownFileType = sourcecode.swift; path = ParkListViewController.swift; sourceTree = "<group>"; };
		466E5C3A24950934004AC032 /* DataLoadingVC.swift */ = {isa = PBXFileReference; lastKnownFileType = sourcecode.swift; path = DataLoadingVC.swift; sourceTree = "<group>"; };
		466E5C3D249768E1004AC032 /* UIViewController+Ext.swift */ = {isa = PBXFileReference; lastKnownFileType = sourcecode.swift; path = "UIViewController+Ext.swift"; sourceTree = "<group>"; };
/* End PBXFileReference section */

/* Begin PBXFrameworksBuildPhase section */
		46030F6D249384A70002BDBB /* Frameworks */ = {
			isa = PBXFrameworksBuildPhase;
			buildActionMask = 2147483647;
			files = (
			);
			runOnlyForDeploymentPostprocessing = 0;
		};
/* End PBXFrameworksBuildPhase section */

/* Begin PBXGroup section */
		46030F67249384A70002BDBB = {
			isa = PBXGroup;
			children = (
				46030F72249384A70002BDBB /* Izmir Parking Spaces */,
				46030F71249384A70002BDBB /* Products */,
			);
			sourceTree = "<group>";
		};
		46030F71249384A70002BDBB /* Products */ = {
			isa = PBXGroup;
			children = (
				46030F70249384A70002BDBB /* Izmir Parking Spaces.app */,
			);
			name = Products;
			sourceTree = "<group>";
		};
		46030F72249384A70002BDBB /* Izmir Parking Spaces */ = {
			isa = PBXGroup;
			children = (
				466E5C3C249768C6004AC032 /* Extension */,
				466E5C372494F891004AC032 /* Support */,
				466E5C342494F866004AC032 /* Screens */,
				466E5C352494F871004AC032 /* Storyboards */,
				46030F81249384A80002BDBB /* Info.plist */,
				466E5C332494F85D004AC032 /* Managers */,
				466E5C322494F854004AC032 /* Models */,
				466E5C362494F87A004AC032 /* Utillities */,
				466E5C3F24976F3A004AC032 /* ViewControllers */,
			);
			path = "Izmir Parking Spaces";
			sourceTree = "<group>";
		};
		466E5C322494F854004AC032 /* Models */ = {
			isa = PBXGroup;
			children = (
				46030F892493869D0002BDBB /* ParkData.swift */,
				46030F8E2493A5DD0002BDBB /* Parks.swift */,
			);
			path = Models;
			sourceTree = "<group>";
		};
		466E5C332494F85D004AC032 /* Managers */ = {
			isa = PBXGroup;
			children = (
				46030F872493860B0002BDBB /* NetworkManager.swift */,
			);
			path = Managers;
			sourceTree = "<group>";
		};
		466E5C342494F866004AC032 /* Screens */ = {
			isa = PBXGroup;
			children = (
				46030F77249384A70002BDBB /* ParkMapViewController.swift */,
				466E5C302494D080004AC032 /* ParkDetailViewController.swift */,
				466E5C3824950043004AC032 /* ParkListViewController.swift */,
			);
			path = Screens;
			sourceTree = "<group>";
		};
		466E5C352494F871004AC032 /* Storyboards */ = {
			isa = PBXGroup;
			children = (
				46030F79249384A70002BDBB /* Main.storyboard */,
			);
			path = Storyboards;
			sourceTree = "<group>";
		};
		466E5C362494F87A004AC032 /* Utillities */ = {
			isa = PBXGroup;
			children = (
				46030F8B249393A80002BDBB /* PSError.swift */,
			);
			path = Utillities;
			sourceTree = "<group>";
		};
		466E5C372494F891004AC032 /* Support */ = {
			isa = PBXGroup;
			children = (
				46030F73249384A70002BDBB /* AppDelegate.swift */,
				46030F75249384A70002BDBB /* SceneDelegate.swift */,
				46030F7C249384A80002BDBB /* Assets.xcassets */,
				46030F7E249384A80002BDBB /* LaunchScreen.storyboard */,
			);
			path = Support;
			sourceTree = "<group>";
		};
		466E5C3C249768C6004AC032 /* Extension */ = {
			isa = PBXGroup;
			children = (
				466E5C3D249768E1004AC032 /* UIViewController+Ext.swift */,
			);
			path = Extension;
			sourceTree = "<group>";
		};
		466E5C3F24976F3A004AC032 /* ViewControllers */ = {
			isa = PBXGroup;
			children = (
				466E5C3A24950934004AC032 /* DataLoadingVC.swift */,
			);
			path = ViewControllers;
			sourceTree = "<group>";
		};
/* End PBXGroup section */

/* Begin PBXNativeTarget section */
		46030F6F249384A70002BDBB /* Izmir Parking Spaces */ = {
			isa = PBXNativeTarget;
			buildConfigurationList = 46030F84249384A80002BDBB /* Build configuration list for PBXNativeTarget "Izmir Parking Spaces" */;
			buildPhases = (
				46030F6C249384A70002BDBB /* Sources */,
				46030F6D249384A70002BDBB /* Frameworks */,
				46030F6E249384A70002BDBB /* Resources */,
			);
			buildRules = (
			);
			dependencies = (
			);
			name = "Izmir Parking Spaces";
			productName = "Izmir Parking Spaces";
			productReference = 46030F70249384A70002BDBB /* Izmir Parking Spaces.app */;
			productType = "com.apple.product-type.application";
		};
/* End PBXNativeTarget section */

/* Begin PBXProject section */
		46030F68249384A70002BDBB /* Project object */ = {
			isa = PBXProject;
			attributes = {
				LastSwiftUpdateCheck = 1150;
				LastUpgradeCheck = 1150;
				ORGANIZATIONNAME = "Murat Baykor";
				TargetAttributes = {
					46030F6F249384A70002BDBB = {
						CreatedOnToolsVersion = 11.5;
					};
				};
			};
			buildConfigurationList = 46030F6B249384A70002BDBB /* Build configuration list for PBXProject "Izmir Parking Spaces" */;
			compatibilityVersion = "Xcode 9.3";
			developmentRegion = en;
			hasScannedForEncodings = 0;
			knownRegions = (
				en,
				Base,
			);
			mainGroup = 46030F67249384A70002BDBB;
			productRefGroup = 46030F71249384A70002BDBB /* Products */;
			projectDirPath = "";
			projectRoot = "";
			targets = (
				46030F6F249384A70002BDBB /* Izmir Parking Spaces */,
			);
		};
/* End PBXProject section */

/* Begin PBXResourcesBuildPhase section */
		46030F6E249384A70002BDBB /* Resources */ = {
			isa = PBXResourcesBuildPhase;
			buildActionMask = 2147483647;
			files = (
				46030F80249384A80002BDBB /* LaunchScreen.storyboard in Resources */,
				46030F7D249384A80002BDBB /* Assets.xcassets in Resources */,
				46030F7B249384A70002BDBB /* Main.storyboard in Resources */,
			);
			runOnlyForDeploymentPostprocessing = 0;
		};
/* End PBXResourcesBuildPhase section */

/* Begin PBXSourcesBuildPhase section */
		46030F6C249384A70002BDBB /* Sources */ = {
			isa = PBXSourcesBuildPhase;
			buildActionMask = 2147483647;
			files = (
				46030F882493860B0002BDBB /* NetworkManager.swift in Sources */,
				466E5C312494D080004AC032 /* ParkDetailViewController.swift in Sources */,
				466E5C3E249768E1004AC032 /* UIViewController+Ext.swift in Sources */,
				46030F78249384A70002BDBB /* ParkMapViewController.swift in Sources */,
				466E5C3924950043004AC032 /* ParkListViewController.swift in Sources */,
				46030F8A2493869D0002BDBB /* ParkData.swift in Sources */,
				46030F74249384A70002BDBB /* AppDelegate.swift in Sources */,
				46030F8F2493A5DD0002BDBB /* Parks.swift in Sources */,
				466E5C3B24950934004AC032 /* DataLoadingVC.swift in Sources */,
				46030F76249384A70002BDBB /* SceneDelegate.swift in Sources */,
				46030F8C249393A80002BDBB /* PSError.swift in Sources */,
			);
			runOnlyForDeploymentPostprocessing = 0;
		};
/* End PBXSourcesBuildPhase section */

/* Begin PBXVariantGroup section */
		46030F79249384A70002BDBB /* Main.storyboard */ = {
			isa = PBXVariantGroup;
			children = (
				46030F7A249384A70002BDBB /* Base */,
			);
			name = Main.storyboard;
			sourceTree = "<group>";
		};
		46030F7E249384A80002BDBB /* LaunchScreen.storyboard */ = {
			isa = PBXVariantGroup;
			children = (
				46030F7F249384A80002BDBB /* Base */,
			);
			name = LaunchScreen.storyboard;
			sourceTree = "<group>";
		};
/* End PBXVariantGroup section */

/* Begin XCBuildConfiguration section */
		46030F82249384A80002BDBB /* Debug */ = {
			isa = XCBuildConfiguration;
			buildSettings = {
				ALWAYS_SEARCH_USER_PATHS = NO;
				CLANG_ANALYZER_NONNULL = YES;
				CLANG_ANALYZER_NUMBER_OBJECT_CONVERSION = YES_AGGRESSIVE;
				CLANG_CXX_LANGUAGE_STANDARD = "gnu++14";
				CLANG_CXX_LIBRARY = "libc++";
				CLANG_ENABLE_MODULES = YES;
				CLANG_ENABLE_OBJC_ARC = YES;
				CLANG_ENABLE_OBJC_WEAK = YES;
				CLANG_WARN_BLOCK_CAPTURE_AUTORELEASING = YES;
				CLANG_WARN_BOOL_CONVERSION = YES;
				CLANG_WARN_COMMA = YES;
				CLANG_WARN_CONSTANT_CONVERSION = YES;
				CLANG_WARN_DEPRECATED_OBJC_IMPLEMENTATIONS = YES;
				CLANG_WARN_DIRECT_OBJC_ISA_USAGE = YES_ERROR;
				CLANG_WARN_DOCUMENTATION_COMMENTS = YES;
				CLANG_WARN_EMPTY_BODY = YES;
				CLANG_WARN_ENUM_CONVERSION = YES;
				CLANG_WARN_INFINITE_RECURSION = YES;
				CLANG_WARN_INT_CONVERSION = YES;
				CLANG_WARN_NON_LITERAL_NULL_CONVERSION = YES;
				CLANG_WARN_OBJC_IMPLICIT_RETAIN_SELF = YES;
				CLANG_WARN_OBJC_LITERAL_CONVERSION = YES;
				CLANG_WARN_OBJC_ROOT_CLASS = YES_ERROR;
				CLANG_WARN_RANGE_LOOP_ANALYSIS = YES;
				CLANG_WARN_STRICT_PROTOTYPES = YES;
				CLANG_WARN_SUSPICIOUS_MOVE = YES;
				CLANG_WARN_UNGUARDED_AVAILABILITY = YES_AGGRESSIVE;
				CLANG_WARN_UNREACHABLE_CODE = YES;
				CLANG_WARN__DUPLICATE_METHOD_MATCH = YES;
				COPY_PHASE_STRIP = NO;
				DEBUG_INFORMATION_FORMAT = dwarf;
				ENABLE_STRICT_OBJC_MSGSEND = YES;
				ENABLE_TESTABILITY = YES;
				GCC_C_LANGUAGE_STANDARD = gnu11;
				GCC_DYNAMIC_NO_PIC = NO;
				GCC_NO_COMMON_BLOCKS = YES;
				GCC_OPTIMIZATION_LEVEL = 0;
				GCC_PREPROCESSOR_DEFINITIONS = (
					"DEBUG=1",
					"$(inherited)",
				);
				GCC_WARN_64_TO_32_BIT_CONVERSION = YES;
				GCC_WARN_ABOUT_RETURN_TYPE = YES_ERROR;
				GCC_WARN_UNDECLARED_SELECTOR = YES;
				GCC_WARN_UNINITIALIZED_AUTOS = YES_AGGRESSIVE;
				GCC_WARN_UNUSED_FUNCTION = YES;
				GCC_WARN_UNUSED_VARIABLE = YES;
				IPHONEOS_DEPLOYMENT_TARGET = 13.5;
				MTL_ENABLE_DEBUG_INFO = INCLUDE_SOURCE;
				MTL_FAST_MATH = YES;
				ONLY_ACTIVE_ARCH = YES;
				SDKROOT = iphoneos;
				SWIFT_ACTIVE_COMPILATION_CONDITIONS = DEBUG;
				SWIFT_OPTIMIZATION_LEVEL = "-Onone";
			};
			name = Debug;
		};
		46030F83249384A80002BDBB /* Release */ = {
			isa = XCBuildConfiguration;
			buildSettings = {
				ALWAYS_SEARCH_USER_PATHS = NO;
				CLANG_ANALYZER_NONNULL = YES;
				CLANG_ANALYZER_NUMBER_OBJECT_CONVERSION = YES_AGGRESSIVE;
				CLANG_CXX_LANGUAGE_STANDARD = "gnu++14";
				CLANG_CXX_LIBRARY = "libc++";
				CLANG_ENABLE_MODULES = YES;
				CLANG_ENABLE_OBJC_ARC = YES;
				CLANG_ENABLE_OBJC_WEAK = YES;
				CLANG_WARN_BLOCK_CAPTURE_AUTORELEASING = YES;
				CLANG_WARN_BOOL_CONVERSION = YES;
				CLANG_WARN_COMMA = YES;
				CLANG_WARN_CONSTANT_CONVERSION = YES;
				CLANG_WARN_DEPRECATED_OBJC_IMPLEMENTATIONS = YES;
				CLANG_WARN_DIRECT_OBJC_ISA_USAGE = YES_ERROR;
				CLANG_WARN_DOCUMENTATION_COMMENTS = YES;
				CLANG_WARN_EMPTY_BODY = YES;
				CLANG_WARN_ENUM_CONVERSION = YES;
				CLANG_WARN_INFINITE_RECURSION = YES;
				CLANG_WARN_INT_CONVERSION = YES;
				CLANG_WARN_NON_LITERAL_NULL_CONVERSION = YES;
				CLANG_WARN_OBJC_IMPLICIT_RETAIN_SELF = YES;
				CLANG_WARN_OBJC_LITERAL_CONVERSION = YES;
				CLANG_WARN_OBJC_ROOT_CLASS = YES_ERROR;
				CLANG_WARN_RANGE_LOOP_ANALYSIS = YES;
				CLANG_WARN_STRICT_PROTOTYPES = YES;
				CLANG_WARN_SUSPICIOUS_MOVE = YES;
				CLANG_WARN_UNGUARDED_AVAILABILITY = YES_AGGRESSIVE;
				CLANG_WARN_UNREACHABLE_CODE = YES;
				CLANG_WARN__DUPLICATE_METHOD_MATCH = YES;
				COPY_PHASE_STRIP = NO;
				DEBUG_INFORMATION_FORMAT = "dwarf-with-dsym";
				ENABLE_NS_ASSERTIONS = NO;
				ENABLE_STRICT_OBJC_MSGSEND = YES;
				GCC_C_LANGUAGE_STANDARD = gnu11;
				GCC_NO_COMMON_BLOCKS = YES;
				GCC_WARN_64_TO_32_BIT_CONVERSION = YES;
				GCC_WARN_ABOUT_RETURN_TYPE = YES_ERROR;
				GCC_WARN_UNDECLARED_SELECTOR = YES;
				GCC_WARN_UNINITIALIZED_AUTOS = YES_AGGRESSIVE;
				GCC_WARN_UNUSED_FUNCTION = YES;
				GCC_WARN_UNUSED_VARIABLE = YES;
				IPHONEOS_DEPLOYMENT_TARGET = 13.5;
				MTL_ENABLE_DEBUG_INFO = NO;
				MTL_FAST_MATH = YES;
				SDKROOT = iphoneos;
				SWIFT_COMPILATION_MODE = wholemodule;
				SWIFT_OPTIMIZATION_LEVEL = "-O";
				VALIDATE_PRODUCT = YES;
			};
			name = Release;
		};
		46030F85249384A80002BDBB /* Debug */ = {
			isa = XCBuildConfiguration;
			buildSettings = {
				ASSETCATALOG_COMPILER_APPICON_NAME = AppIcon;
				CODE_SIGN_STYLE = Automatic;
				DEVELOPMENT_TEAM = 3FP28BF586;
				INFOPLIST_FILE = "Izmir Parking Spaces/Info.plist";
				LD_RUNPATH_SEARCH_PATHS = (
					"$(inherited)",
					"@executable_path/Frameworks",
				);
				PRODUCT_BUNDLE_IDENTIFIER = "com.foytingo.Izmir-Parking-Spaces";
				PRODUCT_NAME = "$(TARGET_NAME)";
				SWIFT_VERSION = 5.0;
				TARGETED_DEVICE_FAMILY = "1,2";
			};
			name = Debug;
		};
		46030F86249384A80002BDBB /* Release */ = {
			isa = XCBuildConfiguration;
			buildSettings = {
				ASSETCATALOG_COMPILER_APPICON_NAME = AppIcon;
				CODE_SIGN_STYLE = Automatic;
				DEVELOPMENT_TEAM = 3FP28BF586;
				INFOPLIST_FILE = "Izmir Parking Spaces/Info.plist";
				LD_RUNPATH_SEARCH_PATHS = (
					"$(inherited)",
					"@executable_path/Frameworks",
				);
				PRODUCT_BUNDLE_IDENTIFIER = "com.foytingo.Izmir-Parking-Spaces";
				PRODUCT_NAME = "$(TARGET_NAME)";
				SWIFT_VERSION = 5.0;
				TARGETED_DEVICE_FAMILY = "1,2";
			};
			name = Release;
		};
/* End XCBuildConfiguration section */

/* Begin XCConfigurationList section */
		46030F6B249384A70002BDBB /* Build configuration list for PBXProject "Izmir Parking Spaces" */ = {
			isa = XCConfigurationList;
			buildConfigurations = (
				46030F82249384A80002BDBB /* Debug */,
				46030F83249384A80002BDBB /* Release */,
			);
			defaultConfigurationIsVisible = 0;
			defaultConfigurationName = Release;
		};
		46030F84249384A80002BDBB /* Build configuration list for PBXNativeTarget "Izmir Parking Spaces" */ = {
			isa = XCConfigurationList;
			buildConfigurations = (
				46030F85249384A80002BDBB /* Debug */,
				46030F86249384A80002BDBB /* Release */,
			);
			defaultConfigurationIsVisible = 0;
			defaultConfigurationName = Release;
		};
/* End XCConfigurationList section */
	};
	rootObject = 46030F68249384A70002BDBB /* Project object */;
}
